// !$*UTF8*$!
{
	archiveVersion = 1;
	classes = {
	};
	objectVersion = 56;
	objects = {

/* Begin PBXBuildFile section */
		FB56BB0A28E6CEF500D76EDF /* AppDelegate.swift in Sources */ = {isa = PBXBuildFile; fileRef = FB56BB0928E6CEF500D76EDF /* AppDelegate.swift */; };
		FB56BB0C28E6CEF500D76EDF /* SceneDelegate.swift in Sources */ = {isa = PBXBuildFile; fileRef = FB56BB0B28E6CEF500D76EDF /* SceneDelegate.swift */; };
		FB56BB0E28E6CEF500D76EDF /* TabBarController.swift in Sources */ = {isa = PBXBuildFile; fileRef = FB56BB0D28E6CEF500D76EDF /* TabBarController.swift */; };
		FB56BB1328E6CEF600D76EDF /* Assets.xcassets in Resources */ = {isa = PBXBuildFile; fileRef = FB56BB1228E6CEF600D76EDF /* Assets.xcassets */; };
		FB56BB1628E6CEF600D76EDF /* LaunchScreen.storyboard in Resources */ = {isa = PBXBuildFile; fileRef = FB56BB1428E6CEF600D76EDF /* LaunchScreen.storyboard */; };
		FBEE8E8A28F1337B00AF9BC4 /* FeedViewController.swift in Sources */ = {isa = PBXBuildFile; fileRef = FBEE8E8928F1337B00AF9BC4 /* FeedViewController.swift */; };
		FBEE8E8C28F1339C00AF9BC4 /* StarViewController.swift in Sources */ = {isa = PBXBuildFile; fileRef = FBEE8E8B28F1339C00AF9BC4 /* StarViewController.swift */; };
		FBEE8E8E28F133B600AF9BC4 /* SettingViewController.swift in Sources */ = {isa = PBXBuildFile; fileRef = FBEE8E8D28F133B600AF9BC4 /* SettingViewController.swift */; };
		FBEE8E9128F1384100AF9BC4 /* SnapKit in Frameworks */ = {isa = PBXBuildFile; productRef = FBEE8E9028F1384100AF9BC4 /* SnapKit */; };
		FBEE8E9428F13B9500AF9BC4 /* FeedViewControllerCell.swift in Sources */ = {isa = PBXBuildFile; fileRef = FBEE8E9328F13B9500AF9BC4 /* FeedViewControllerCell.swift */; };
		FBEE8E9628F15AFE00AF9BC4 /* Feed.swift in Sources */ = {isa = PBXBuildFile; fileRef = FBEE8E9528F15AFE00AF9BC4 /* Feed.swift */; };
		FBEE8E9928F15B6F00AF9BC4 /* Kingfisher in Frameworks */ = {isa = PBXBuildFile; productRef = FBEE8E9828F15B6F00AF9BC4 /* Kingfisher */; };
		FBEE8E9B28F16BA800AF9BC4 /* UploadViewController.swift in Sources */ = {isa = PBXBuildFile; fileRef = FBEE8E9A28F16BA800AF9BC4 /* UploadViewController.swift */; };
		FBEE8E9D28F173D200AF9BC4 /* Feed.plist in Resources */ = {isa = PBXBuildFile; fileRef = FBEE8E9C28F173D200AF9BC4 /* Feed.plist */; };
/* End PBXBuildFile section */

/* Begin PBXFileReference section */
		FB56BB0628E6CEF500D76EDF /* TheDay.app */ = {isa = PBXFileReference; explicitFileType = wrapper.application; includeInIndex = 0; path = TheDay.app; sourceTree = BUILT_PRODUCTS_DIR; };
		FB56BB0928E6CEF500D76EDF /* AppDelegate.swift */ = {isa = PBXFileReference; lastKnownFileType = sourcecode.swift; path = AppDelegate.swift; sourceTree = "<group>"; };
		FB56BB0B28E6CEF500D76EDF /* SceneDelegate.swift */ = {isa = PBXFileReference; lastKnownFileType = sourcecode.swift; path = SceneDelegate.swift; sourceTree = "<group>"; };
		FB56BB0D28E6CEF500D76EDF /* TabBarController.swift */ = {isa = PBXFileReference; lastKnownFileType = sourcecode.swift; path = TabBarController.swift; sourceTree = "<group>"; };
		FB56BB1228E6CEF600D76EDF /* Assets.xcassets */ = {isa = PBXFileReference; lastKnownFileType = folder.assetcatalog; path = Assets.xcassets; sourceTree = "<group>"; };
		FB56BB1528E6CEF600D76EDF /* Base */ = {isa = PBXFileReference; lastKnownFileType = file.storyboard; name = Base; path = Base.lproj/LaunchScreen.storyboard; sourceTree = "<group>"; };
		FB56BB1728E6CEF600D76EDF /* Info.plist */ = {isa = PBXFileReference; lastKnownFileType = text.plist.xml; path = Info.plist; sourceTree = "<group>"; };
		FBEE8E8928F1337B00AF9BC4 /* FeedViewController.swift */ = {isa = PBXFileReference; lastKnownFileType = sourcecode.swift; path = FeedViewController.swift; sourceTree = "<group>"; };
		FBEE8E8B28F1339C00AF9BC4 /* StarViewController.swift */ = {isa = PBXFileReference; lastKnownFileType = sourcecode.swift; path = StarViewController.swift; sourceTree = "<group>"; };
		FBEE8E8D28F133B600AF9BC4 /* SettingViewController.swift */ = {isa = PBXFileReference; lastKnownFileType = sourcecode.swift; path = SettingViewController.swift; sourceTree = "<group>"; };
		FBEE8E9328F13B9500AF9BC4 /* FeedViewControllerCell.swift */ = {isa = PBXFileReference; lastKnownFileType = sourcecode.swift; path = FeedViewControllerCell.swift; sourceTree = "<group>"; };
		FBEE8E9528F15AFE00AF9BC4 /* Feed.swift */ = {isa = PBXFileReference; lastKnownFileType = sourcecode.swift; path = Feed.swift; sourceTree = "<group>"; };
		FBEE8E9A28F16BA800AF9BC4 /* UploadViewController.swift */ = {isa = PBXFileReference; lastKnownFileType = sourcecode.swift; path = UploadViewController.swift; sourceTree = "<group>"; };
		FBEE8E9C28F173D200AF9BC4 /* Feed.plist */ = {isa = PBXFileReference; fileEncoding = 4; lastKnownFileType = text.plist.xml; path = Feed.plist; sourceTree = "<group>"; };
/* End PBXFileReference section */

/* Begin PBXFrameworksBuildPhase section */
		FB56BB0328E6CEF500D76EDF /* Frameworks */ = {
			isa = PBXFrameworksBuildPhase;
			buildActionMask = 2147483647;
			files = (
				FBEE8E9928F15B6F00AF9BC4 /* Kingfisher in Frameworks */,
				FBEE8E9128F1384100AF9BC4 /* SnapKit in Frameworks */,
			);
			runOnlyForDeploymentPostprocessing = 0;
		};
/* End PBXFrameworksBuildPhase section */

/* Begin PBXGroup section */
		FB56BAFD28E6CEF500D76EDF = {
			isa = PBXGroup;
			children = (
				FB56BB0828E6CEF500D76EDF /* TheDay */,
				FB56BB0728E6CEF500D76EDF /* Products */,
			);
			sourceTree = "<group>";
		};
		FB56BB0728E6CEF500D76EDF /* Products */ = {
			isa = PBXGroup;
			children = (
				FB56BB0628E6CEF500D76EDF /* TheDay.app */,
			);
			name = Products;
			sourceTree = "<group>";
		};
		FB56BB0828E6CEF500D76EDF /* TheDay */ = {
			isa = PBXGroup;
			children = (
				FB56BB0928E6CEF500D76EDF /* AppDelegate.swift */,
				FB56BB0B28E6CEF500D76EDF /* SceneDelegate.swift */,
				FBEE8E9528F15AFE00AF9BC4 /* Feed.swift */,
				FB56BB0D28E6CEF500D76EDF /* TabBarController.swift */,
				FB56BB1228E6CEF600D76EDF /* Assets.xcassets */,
				FB56BB1428E6CEF600D76EDF /* LaunchScreen.storyboard */,
				FBEE8E9C28F173D200AF9BC4 /* Feed.plist */,
				FB56BB1728E6CEF600D76EDF /* Info.plist */,
				FBEE8E9228F13B7D00AF9BC4 /* FeedViewController */,
				FBEE8E8B28F1339C00AF9BC4 /* StarViewController.swift */,
				FBEE8E8D28F133B600AF9BC4 /* SettingViewController.swift */,
			);
			path = TheDay;
			sourceTree = "<group>";
		};
		FBEE8E9228F13B7D00AF9BC4 /* FeedViewController */ = {
			isa = PBXGroup;
			children = (
				FBEE8E8928F1337B00AF9BC4 /* FeedViewController.swift */,
				FBEE8E9328F13B9500AF9BC4 /* FeedViewControllerCell.swift */,
				FBEE8E9A28F16BA800AF9BC4 /* UploadViewController.swift */,
			);
			path = FeedViewController;
			sourceTree = "<group>";
		};
/* End PBXGroup section */

/* Begin PBXNativeTarget section */
		FB56BB0528E6CEF500D76EDF /* TheDay */ = {
			isa = PBXNativeTarget;
			buildConfigurationList = FB56BB1A28E6CEF600D76EDF /* Build configuration list for PBXNativeTarget "TheDay" */;
			buildPhases = (
				FB56BB0228E6CEF500D76EDF /* Sources */,
				FB56BB0328E6CEF500D76EDF /* Frameworks */,
				FB56BB0428E6CEF500D76EDF /* Resources */,
			);
			buildRules = (
			);
			dependencies = (
			);
			name = TheDay;
			packageProductDependencies = (
				FBEE8E9028F1384100AF9BC4 /* SnapKit */,
				FBEE8E9828F15B6F00AF9BC4 /* Kingfisher */,
			);
			productName = TheDay;
			productReference = FB56BB0628E6CEF500D76EDF /* TheDay.app */;
			productType = "com.apple.product-type.application";
		};
/* End PBXNativeTarget section */

/* Begin PBXProject section */
		FB56BAFE28E6CEF500D76EDF /* Project object */ = {
			isa = PBXProject;
			attributes = {
				BuildIndependentTargetsInParallel = 1;
				LastSwiftUpdateCheck = 1400;
				LastUpgradeCheck = 1400;
				TargetAttributes = {
					FB56BB0528E6CEF500D76EDF = {
						CreatedOnToolsVersion = 14.0.1;
					};
				};
			};
			buildConfigurationList = FB56BB0128E6CEF500D76EDF /* Build configuration list for PBXProject "TheDay" */;
			compatibilityVersion = "Xcode 14.0";
			developmentRegion = en;
			hasScannedForEncodings = 0;
			knownRegions = (
				en,
				Base,
			);
			mainGroup = FB56BAFD28E6CEF500D76EDF;
			packageReferences = (
				FBEE8E8F28F1384100AF9BC4 /* XCRemoteSwiftPackageReference "SnapKit" */,
				FBEE8E9728F15B6F00AF9BC4 /* XCRemoteSwiftPackageReference "Kingfisher" */,
			);
			productRefGroup = FB56BB0728E6CEF500D76EDF /* Products */;
			projectDirPath = "";
			projectRoot = "";
			targets = (
				FB56BB0528E6CEF500D76EDF /* TheDay */,
			);
		};
/* End PBXProject section */

/* Begin PBXResourcesBuildPhase section */
		FB56BB0428E6CEF500D76EDF /* Resources */ = {
			isa = PBXResourcesBuildPhase;
			buildActionMask = 2147483647;
			files = (
				FB56BB1628E6CEF600D76EDF /* LaunchScreen.storyboard in Resources */,
				FBEE8E9D28F173D200AF9BC4 /* Feed.plist in Resources */,
				FB56BB1328E6CEF600D76EDF /* Assets.xcassets in Resources */,
			);
			runOnlyForDeploymentPostprocessing = 0;
		};
/* End PBXResourcesBuildPhase section */

/* Begin PBXSourcesBuildPhase section */
		FB56BB0228E6CEF500D76EDF /* Sources */ = {
			isa = PBXSourcesBuildPhase;
			buildActionMask = 2147483647;
			files = (
				FB56BB0E28E6CEF500D76EDF /* TabBarController.swift in Sources */,
				FBEE8E9628F15AFE00AF9BC4 /* Feed.swift in Sources */,
				FBEE8E9428F13B9500AF9BC4 /* FeedViewControllerCell.swift in Sources */,
				FBEE8E8C28F1339C00AF9BC4 /* StarViewController.swift in Sources */,
				FBEE8E9B28F16BA800AF9BC4 /* UploadViewController.swift in Sources */,
				FB56BB0A28E6CEF500D76EDF /* AppDelegate.swift in Sources */,
				FBEE8E8A28F1337B00AF9BC4 /* FeedViewController.swift in Sources */,
				FB56BB0C28E6CEF500D76EDF /* SceneDelegate.swift in Sources */,
				FBEE8E8E28F133B600AF9BC4 /* SettingViewController.swift in Sources */,
			);
			runOnlyForDeploymentPostprocessing = 0;
		};
/* End PBXSourcesBuildPhase section */

/* Begin PBXVariantGroup section */
		FB56BB1428E6CEF600D76EDF /* LaunchScreen.storyboard */ = {
			isa = PBXVariantGroup;
			children = (
				FB56BB1528E6CEF600D76EDF /* Base */,
			);
			name = LaunchScreen.storyboard;
			sourceTree = "<group>";
		};
/* End PBXVariantGroup section */

/* Begin XCBuildConfiguration section */
		FB56BB1828E6CEF600D76EDF /* Debug */ = {
			isa = XCBuildConfiguration;
			buildSettings = {
				ALWAYS_SEARCH_USER_PATHS = NO;
				CLANG_ANALYZER_NONNULL = YES;
				CLANG_ANALYZER_NUMBER_OBJECT_CONVERSION = YES_AGGRESSIVE;
				CLANG_CXX_LANGUAGE_STANDARD = "gnu++20";
				CLANG_ENABLE_MODULES = YES;
				CLANG_ENABLE_OBJC_ARC = YES;
				CLANG_ENABLE_OBJC_WEAK = YES;
				CLANG_WARN_BLOCK_CAPTURE_AUTORELEASING = YES;
				CLANG_WARN_BOOL_CONVERSION = YES;
				CLANG_WARN_COMMA = YES;
				CLANG_WARN_CONSTANT_CONVERSION = YES;
				CLANG_WARN_DEPRECATED_OBJC_IMPLEMENTATIONS = YES;
				CLANG_WARN_DIRECT_OBJC_ISA_USAGE = YES_ERROR;
				CLANG_WARN_DOCUMENTATION_COMMENTS = YES;
				CLANG_WARN_EMPTY_BODY = YES;
				CLANG_WARN_ENUM_CONVERSION = YES;
				CLANG_WARN_INFINITE_RECURSION = YES;
				CLANG_WARN_INT_CONVERSION = YES;
				CLANG_WARN_NON_LITERAL_NULL_CONVERSION = YES;
				CLANG_WARN_OBJC_IMPLICIT_RETAIN_SELF = YES;
				CLANG_WARN_OBJC_LITERAL_CONVERSION = YES;
				CLANG_WARN_OBJC_ROOT_CLASS = YES_ERROR;
				CLANG_WARN_QUOTED_INCLUDE_IN_FRAMEWORK_HEADER = YES;
				CLANG_WARN_RANGE_LOOP_ANALYSIS = YES;
				CLANG_WARN_STRICT_PROTOTYPES = YES;
				CLANG_WARN_SUSPICIOUS_MOVE = YES;
				CLANG_WARN_UNGUARDED_AVAILABILITY = YES_AGGRESSIVE;
				CLANG_WARN_UNREACHABLE_CODE = YES;
				CLANG_WARN__DUPLICATE_METHOD_MATCH = YES;
				COPY_PHASE_STRIP = NO;
				DEBUG_INFORMATION_FORMAT = dwarf;
				ENABLE_STRICT_OBJC_MSGSEND = YES;
				ENABLE_TESTABILITY = YES;
				GCC_C_LANGUAGE_STANDARD = gnu11;
				GCC_DYNAMIC_NO_PIC = NO;
				GCC_NO_COMMON_BLOCKS = YES;
				GCC_OPTIMIZATION_LEVEL = 0;
				GCC_PREPROCESSOR_DEFINITIONS = (
					"DEBUG=1",
					"$(inherited)",
				);
				GCC_WARN_64_TO_32_BIT_CONVERSION = YES;
				GCC_WARN_ABOUT_RETURN_TYPE = YES_ERROR;
				GCC_WARN_UNDECLARED_SELECTOR = YES;
				GCC_WARN_UNINITIALIZED_AUTOS = YES_AGGRESSIVE;
				GCC_WARN_UNUSED_FUNCTION = YES;
				GCC_WARN_UNUSED_VARIABLE = YES;
				IPHONEOS_DEPLOYMENT_TARGET = 16.0;
				MTL_ENABLE_DEBUG_INFO = INCLUDE_SOURCE;
				MTL_FAST_MATH = YES;
				ONLY_ACTIVE_ARCH = YES;
				SDKROOT = iphoneos;
				SWIFT_ACTIVE_COMPILATION_CONDITIONS = DEBUG;
				SWIFT_OPTIMIZATION_LEVEL = "-Onone";
			};
			name = Debug;
		};
		FB56BB1928E6CEF600D76EDF /* Release */ = {
			isa = XCBuildConfiguration;
			buildSettings = {
				ALWAYS_SEARCH_USER_PATHS = NO;
				CLANG_ANALYZER_NONNULL = YES;
				CLANG_ANALYZER_NUMBER_OBJECT_CONVERSION = YES_AGGRESSIVE;
				CLANG_CXX_LANGUAGE_STANDARD = "gnu++20";
				CLANG_ENABLE_MODULES = YES;
				CLANG_ENABLE_OBJC_ARC = YES;
				CLANG_ENABLE_OBJC_WEAK = YES;
				CLANG_WARN_BLOCK_CAPTURE_AUTORELEASING = YES;
				CLANG_WARN_BOOL_CONVERSION = YES;
				CLANG_WARN_COMMA = YES;
				CLANG_WARN_CONSTANT_CONVERSION = YES;
				CLANG_WARN_DEPRECATED_OBJC_IMPLEMENTATIONS = YES;
				CLANG_WARN_DIRECT_OBJC_ISA_USAGE = YES_ERROR;
				CLANG_WARN_DOCUMENTATION_COMMENTS = YES;
				CLANG_WARN_EMPTY_BODY = YES;
				CLANG_WARN_ENUM_CONVERSION = YES;
				CLANG_WARN_INFINITE_RECURSION = YES;
				CLANG_WARN_INT_CONVERSION = YES;
				CLANG_WARN_NON_LITERAL_NULL_CONVERSION = YES;
				CLANG_WARN_OBJC_IMPLICIT_RETAIN_SELF = YES;
				CLANG_WARN_OBJC_LITERAL_CONVERSION = YES;
				CLANG_WARN_OBJC_ROOT_CLASS = YES_ERROR;
				CLANG_WARN_QUOTED_INCLUDE_IN_FRAMEWORK_HEADER = YES;
				CLANG_WARN_RANGE_LOOP_ANALYSIS = YES;
				CLANG_WARN_STRICT_PROTOTYPES = YES;
				CLANG_WARN_SUSPICIOUS_MOVE = YES;
				CLANG_WARN_UNGUARDED_AVAILABILITY = YES_AGGRESSIVE;
				CLANG_WARN_UNREACHABLE_CODE = YES;
				CLANG_WARN__DUPLICATE_METHOD_MATCH = YES;
				COPY_PHASE_STRIP = NO;
				DEBUG_INFORMATION_FORMAT = "dwarf-with-dsym";
				ENABLE_NS_ASSERTIONS = NO;
				ENABLE_STRICT_OBJC_MSGSEND = YES;
				GCC_C_LANGUAGE_STANDARD = gnu11;
				GCC_NO_COMMON_BLOCKS = YES;
				GCC_WARN_64_TO_32_BIT_CONVERSION = YES;
				GCC_WARN_ABOUT_RETURN_TYPE = YES_ERROR;
				GCC_WARN_UNDECLARED_SELECTOR = YES;
				GCC_WARN_UNINITIALIZED_AUTOS = YES_AGGRESSIVE;
				GCC_WARN_UNUSED_FUNCTION = YES;
				GCC_WARN_UNUSED_VARIABLE = YES;
				IPHONEOS_DEPLOYMENT_TARGET = 16.0;
				MTL_ENABLE_DEBUG_INFO = NO;
				MTL_FAST_MATH = YES;
				SDKROOT = iphoneos;
				SWIFT_COMPILATION_MODE = wholemodule;
				SWIFT_OPTIMIZATION_LEVEL = "-O";
				VALIDATE_PRODUCT = YES;
			};
			name = Release;
		};
		FB56BB1B28E6CEF600D76EDF /* Debug */ = {
			isa = XCBuildConfiguration;
			buildSettings = {
				ASSETCATALOG_COMPILER_APPICON_NAME = AppIcon;
				ASSETCATALOG_COMPILER_GLOBAL_ACCENT_COLOR_NAME = AccentColor;
				CODE_SIGN_STYLE = Automatic;
				CURRENT_PROJECT_VERSION = 1;
				DEVELOPMENT_TEAM = A2Z3TZ2R89;
				GENERATE_INFOPLIST_FILE = YES;
				INFOPLIST_FILE = TheDay/Info.plist;
				INFOPLIST_KEY_UIApplicationSupportsIndirectInputEvents = YES;
				INFOPLIST_KEY_UILaunchStoryboardName = LaunchScreen;
				INFOPLIST_KEY_UISupportedInterfaceOrientations_iPad = "UIInterfaceOrientationPortrait UIInterfaceOrientationPortraitUpsideDown UIInterfaceOrientationLandscapeLeft UIInterfaceOrientationLandscapeRight";
				INFOPLIST_KEY_UISupportedInterfaceOrientations_iPhone = "UIInterfaceOrientationPortrait UIInterfaceOrientationLandscapeLeft UIInterfaceOrientationLandscapeRight";
				LD_RUNPATH_SEARCH_PATHS = (
					"$(inherited)",
					"@executable_path/Frameworks",
				);
				MARKETING_VERSION = 1.0;
				PRODUCT_BUNDLE_IDENTIFIER = lsw.TheDay;
				PRODUCT_NAME = "$(TARGET_NAME)";
				SWIFT_EMIT_LOC_STRINGS = YES;
				SWIFT_VERSION = 5.0;
				TARGETED_DEVICE_FAMILY = "1,2";
			};
			name = Debug;
		};
		FB56BB1C28E6CEF600D76EDF /* Release */ = {
			isa = XCBuildConfiguration;
			buildSettings = {
				ASSETCATALOG_COMPILER_APPICON_NAME = AppIcon;
				ASSETCATALOG_COMPILER_GLOBAL_ACCENT_COLOR_NAME = AccentColor;
				CODE_SIGN_STYLE = Automatic;
				CURRENT_PROJECT_VERSION = 1;
				DEVELOPMENT_TEAM = A2Z3TZ2R89;
				GENERATE_INFOPLIST_FILE = YES;
				INFOPLIST_FILE = TheDay/Info.plist;
				INFOPLIST_KEY_UIApplicationSupportsIndirectInputEvents = YES;
				INFOPLIST_KEY_UILaunchStoryboardName = LaunchScreen;
				INFOPLIST_KEY_UISupportedInterfaceOrientations_iPad = "UIInterfaceOrientationPortrait UIInterfaceOrientationPortraitUpsideDown UIInterfaceOrientationLandscapeLeft UIInterfaceOrientationLandscapeRight";
				INFOPLIST_KEY_UISupportedInterfaceOrientations_iPhone = "UIInterfaceOrientationPortrait UIInterfaceOrientationLandscapeLeft UIInterfaceOrientationLandscapeRight";
				LD_RUNPATH_SEARCH_PATHS = (
					"$(inherited)",
					"@executable_path/Frameworks",
				);
				MARKETING_VERSION = 1.0;
				PRODUCT_BUNDLE_IDENTIFIER = lsw.TheDay;
				PRODUCT_NAME = "$(TARGET_NAME)";
				SWIFT_EMIT_LOC_STRINGS = YES;
				SWIFT_VERSION = 5.0;
				TARGETED_DEVICE_FAMILY = "1,2";
			};
			name = Release;
		};
/* End XCBuildConfiguration section */

/* Begin XCConfigurationList section */
		FB56BB0128E6CEF500D76EDF /* Build configuration list for PBXProject "TheDay" */ = {
			isa = XCConfigurationList;
			buildConfigurations = (
				FB56BB1828E6CEF600D76EDF /* Debug */,
				FB56BB1928E6CEF600D76EDF /* Release */,
			);
			defaultConfigurationIsVisible = 0;
			defaultConfigurationName = Release;
		};
		FB56BB1A28E6CEF600D76EDF /* Build configuration list for PBXNativeTarget "TheDay" */ = {
			isa = XCConfigurationList;
			buildConfigurations = (
				FB56BB1B28E6CEF600D76EDF /* Debug */,
				FB56BB1C28E6CEF600D76EDF /* Release */,
			);
			defaultConfigurationIsVisible = 0;
			defaultConfigurationName = Release;
		};
/* End XCConfigurationList section */

/* Begin XCRemoteSwiftPackageReference section */
		FBEE8E8F28F1384100AF9BC4 /* XCRemoteSwiftPackageReference "SnapKit" */ = {
			isa = XCRemoteSwiftPackageReference;
			repositoryURL = "https://github.com/SnapKit/SnapKit.git";
			requirement = {
				branch = develop;
				kind = branch;
			};
		};
		FBEE8E9728F15B6F00AF9BC4 /* XCRemoteSwiftPackageReference "Kingfisher" */ = {
			isa = XCRemoteSwiftPackageReference;
			repositoryURL = "https://github.com/onevcat/Kingfisher.git";
			requirement = {
				branch = master;
				kind = branch;
			};
		};
/* End XCRemoteSwiftPackageReference section */

/* Begin XCSwiftPackageProductDependency section */
		FBEE8E9028F1384100AF9BC4 /* SnapKit */ = {
			isa = XCSwiftPackageProductDependency;
			package = FBEE8E8F28F1384100AF9BC4 /* XCRemoteSwiftPackageReference "SnapKit" */;
			productName = SnapKit;
		};
		FBEE8E9828F15B6F00AF9BC4 /* Kingfisher */ = {
			isa = XCSwiftPackageProductDependency;
			package = FBEE8E9728F15B6F00AF9BC4 /* XCRemoteSwiftPackageReference "Kingfisher" */;
			productName = Kingfisher;
		};
/* End XCSwiftPackageProductDependency section */
	};
	rootObject = FB56BAFE28E6CEF500D76EDF /* Project object */;
}
